
Microsoft Visual Studio Solution File, Format Version 12.00
# Visual Studio Version 17
VisualStudioVersion = 17.1.32328.378
MinimumVisualStudioVersion = 10.0.40219.1
Project("{9A19103F-16F7-4668-BE54-9A1E7A4F7556}") = "DotNetWebAPI", "DotNetWebAPI\DotNetWebAPI.csproj", "{6F87A2F0-92B4-4654-BE62-6749DCE74E2E}"
EndProject
Global
	GlobalSection(SolutionConfigurationPlatforms) = preSolution
		Debug|Any CPU = Debug|Any CPU
		Release|Any CPU = Release|Any CPU
	EndGlobalSection
	GlobalSection(ProjectConfigurationPlatforms) = postSolution
		{6F87A2F0-92B4-4654-BE62-6749DCE74E2E}.Debug|Any CPU.ActiveCfg = Debug|Any CPU
		{6F87A2F0-92B4-4654-BE62-6749DCE74E2E}.Debug|Any CPU.Build.0 = Debug|Any CPU
		{6F87A2F0-92B4-4654-BE62-6749DCE74E2E}.Release|Any CPU.ActiveCfg = Release|Any CPU
		{6F87A2F0-92B4-4654-BE62-6749DCE74E2E}.Release|Any CPU.Build.0 = Release|Any CPU
	EndGlobalSection
	GlobalSection(SolutionProperties) = preSolution
		HideSolutionNode = FALSE
	EndGlobalSection
	GlobalSection(ExtensibilityGlobals) = postSolution
		SolutionGuid = {92F8F344-483F-4FB0-BF44-7328D6B56EA1}
	EndGlobalSection
EndGlobal
